
Microsoft Visual Studio Solution File, Format Version 12.00
# Visual Studio Version 16
VisualStudioVersion = 16.0.34729.46
MinimumVisualStudioVersion = 10.0.40219.1
Project("{FAE04EC0-301F-11D3-BF4B-00C04F79EFBC}") = "Enum", "Enum\Enum.csproj", "{73D84F69-41F6-43E5-8412-C25A19E98855}"
EndProject
Global
	GlobalSection(SolutionConfigurationPlatforms) = preSolution
		Debug|Any CPU = Debug|Any CPU
		Release|Any CPU = Release|Any CPU
	EndGlobalSection
	GlobalSection(ProjectConfigurationPlatforms) = postSolution
		{73D84F69-41F6-43E5-8412-C25A19E98855}.Debug|Any CPU.ActiveCfg = Debug|Any CPU
		{73D84F69-41F6-43E5-8412-C25A19E98855}.Debug|Any CPU.Build.0 = Debug|Any CPU
		{73D84F69-41F6-43E5-8412-C25A19E98855}.Release|Any CPU.ActiveCfg = Release|Any CPU
		{73D84F69-41F6-43E5-8412-C25A19E98855}.Release|Any CPU.Build.0 = Release|Any CPU
	EndGlobalSection
	GlobalSection(SolutionProperties) = preSolution
		HideSolutionNode = FALSE
	EndGlobalSection
	GlobalSection(ExtensibilityGlobals) = postSolution
		SolutionGuid = {80380A3B-FDA8-4FA2-B63F-971558D222F3}
	EndGlobalSection
EndGlobal
